{
  "name": "bds-addon-installer",
  "version": "1.0.5",
  "lockfileVersion": 3,
  "requires": true,
  "packages": {
    "": {
      "name": "bds-addon-installer",
      "version": "1.0.5",
      "license": "ISC",
      "dependencies": {
        "adm-zip": "^0.4.14",
        "chegs-simple-logger": "^1.0.0",
        "fs-extra": "^8.1.0",
        "strip-json-comments": "^3.1.1"
      },
      "bin": {
        "bds-addon-installer": "cli.js"
      }
    },
    "node_modules/adm-zip": {
      "version": "0.4.14",
      "resolved": "https://registry.npmjs.org/adm-zip/-/adm-zip-0.4.14.tgz",
      "integrity": "sha512-/9aQCnQHF+0IiCl0qhXoK7qs//SwYE7zX8lsr/DNk1BRAHYxeLZPL4pguwK29gUEqasYQjqPtEpDRSWEkdHn9g==",
      "engines": {
        "node": ">=0.3.0"
      }
    },
    "node_modules/chegs-simple-logger": {
      "version": "1.0.0",
      "resolved": "https://registry.npmjs.org/chegs-simple-logger/-/chegs-simple-logger-1.0.0.tgz",
      "integrity": "sha512-dv24JLzukWWtcWsng6BUcUYMxUEdcJzpntjjT4jPWfYiUCwQX2Fmpy9jqQw1i5BwDh8eDkv+gJBLdzSEtCtl2w==",
      "dependencies": {
        "rotating-file-stream": "^1.4.2"
      }
    },
    "node_modules/fs-extra": {
      "version": "8.1.0",
      "resolved": "https://registry.npmjs.org/fs-extra/-/fs-extra-8.1.0.tgz",
      "integrity": "sha512-yhlQgA6mnOJUKOsRUFsgJdQCvkKhcz8tlZG5HBQfReYZy46OwLcY+Zia0mtdHsOo9y/hP+CxMN0TU9QxoOtG4g==",
      "dependencies": {
        "graceful-fs": "^4.2.0",
        "jsonfile": "^4.0.0",
        "universalify": "^0.1.0"
      },
      "engines": {
        "node": ">=6 <7 || >=8"
      }
    },
    "node_modules/graceful-fs": {
      "version": "4.2.3",
      "resolved": "https://registry.npmjs.org/graceful-fs/-/graceful-fs-4.2.3.tgz",
      "integrity": "sha512-a30VEBm4PEdx1dRB7MFK7BejejvCvBronbLjht+sHuGYj8PHs7M/5Z+rt5lw551vZ7yfTCj4Vuyy3mSJytDWRQ=="
    },
    "node_modules/jsonfile": {
      "version": "4.0.0",
      "resolved": "https://registry.npmjs.org/jsonfile/-/jsonfile-4.0.0.tgz",
      "integrity": "sha1-h3Gq4HmbZAdrdmQPygWPnBDjPss=",
      "optionalDependencies": {
        "graceful-fs": "^4.1.6"
      }
    },
    "node_modules/rotating-file-stream": {
      "version": "1.4.6",
      "resolved": "https://registry.npmjs.org/rotating-file-stream/-/rotating-file-stream-1.4.6.tgz",
      "integrity": "sha512-QS7vGxBK6sGc1mCqlmAuwV4J0fmmVCKaUgMvKbkTueZr4jdkXN3bSpTEOQxtdtAVEzi1aUqdHzwIQ0ejNn+CQg==",
      "deprecated": "please use version 2.x",
      "engines": {
        "node": ">=6.0"
      }
    },
    "node_modules/strip-json-comments": {
      "version": "3.1.1",
      "resolved": "https://registry.npmjs.org/strip-json-comments/-/strip-json-comments-3.1.1.tgz",
      "integrity": "sha512-6fPc+R4ihwqP6N/aIv2f1gMH8lOVtWQHoqC4yK6oSDVVocumAsfCqjkXnqiYMhmMwS/mEHLp7Vehlt3ql6lEig==",
      "engines": {
        "node": ">=8"
      },
      "funding": {
        "url": "https://github.com/sponsors/sindresorhus"
      }
    },
    "node_modules/universalify": {
      "version": "0.1.2",
      "resolved": "https://registry.npmjs.org/universalify/-/universalify-0.1.2.tgz",
      "integrity": "sha512-rBJeI5CXAlmy1pV+617WB9J63U6XcazHHF2f2dbJix4XzpUF0RS3Zbj0FGIOCAva5P/d/GBOYaACQ1w+0azUkg==",
      "engines": {
        "node": ">= 4.0.0"
      }
    }
  }
}
